{
  "name": "BTL_IS320_N6_Admin",
  "lockfileVersion": 3,
  "requires": true,
  "packages": {
    "": {
      "dependencies": {
        "gen": "^2.0.1"
      }
    },
    "node_modules/carpenter": {
      "version": "0.0.2",
      "resolved": "https://registry.npmjs.org/carpenter/-/carpenter-0.0.2.tgz",
      "integrity": "sha512-XtfkVF1VpU9Oek62EK7rOSlMuPHJs5dhigDBbJGbpzv6v5uOKqRYWfHA7n6kLLNsFjVGz1kvCZ4NPJLjlG+AHQ==",
      "license": "MIT",
      "dependencies": {
        "duplexer": "0.0.3",
        "ncp": "~0.3.0",
        "optimist": "~0.3.5",
        "rc": "~0.0.8",
        "split": "~0.2",
        "through": "~2.1.0"
      },
      "bin": {
        "carpenter": "index.js"
      }
    },
    "node_modules/config-chain": {
      "version": "0.3.4",
      "resolved": "https://registry.npmjs.org/config-chain/-/config-chain-0.3.4.tgz",
      "integrity": "sha512-v5aZpq3Ffo7VJeL2j2csVBIBmLgXoZbE3SFQBAPm4jItCvCjx5dQDdCwVaw9kTqcCHeSHO+ndUlM46Br/7zdpA==",
      "dependencies": {
        "ini": "~1.0.2",
        "proto-list": "1"
      }
    },
    "node_modules/duplexer": {
      "version": "0.0.3",
      "resolved": "https://registry.npmjs.org/duplexer/-/duplexer-0.0.3.tgz",
      "integrity": "sha512-Fo2etCPSN4qPTgJkOct0b73UR6Jxqb6ZlyXssyFxQ3ZTRtvZ6sPZGEfvm1YfsLi+AV8WveQfeX44qHxQalx0Dw=="
    },
    "node_modules/gen": {
      "version": "2.0.1",
      "resolved": "https://registry.npmjs.org/gen/-/gen-2.0.1.tgz",
      "integrity": "sha512-nFRSqIztq3EOa+X0+rvvkeP0jo0lgpBq0/0hoJ8ut8SAbstBjXq0o2X7BX44AfogV9oY5fBG/eUfaYsdR+xGBw==",
      "dependencies": {
        "carpenter": "0.0"
      },
      "bin": {
        "gen": "gen.sh"
      }
    },
    "node_modules/ini": {
      "version": "1.0.5",
      "resolved": "https://registry.npmjs.org/ini/-/ini-1.0.5.tgz",
      "integrity": "sha512-JDeFPovNri2M1P7BwAGR81wYvYDQflGcF9XduZdMZu5fFCvO0VH6x4Ybsk++9xpwTKy9HtRdT9A5icSV/t0a6Q==",
      "deprecated": "Please update to ini >=1.3.6 to avoid a prototype pollution issue",
      "engines": {
        "node": "*"
      }
    },
    "node_modules/ncp": {
      "version": "0.3.0",
      "resolved": "https://registry.npmjs.org/ncp/-/ncp-0.3.0.tgz",
      "integrity": "sha512-pzfukl09UK8b9U/B/mmY/MgLvIyTmcBtkSoMjGOqgMQRkBPmPh8R7qDTKlIcgJfMLlG6jrum3UybA3E/rdGELw==",
      "license": "MIT",
      "bin": {
        "ncp": "bin/ncp"
      }
    },
    "node_modules/optimist": {
      "version": "0.3.7",
      "resolved": "https://registry.npmjs.org/optimist/-/optimist-0.3.7.tgz",
      "integrity": "sha512-TCx0dXQzVtSCg2OgY/bO9hjM9cV4XYx09TVK+s3+FhkjT6LovsLe+pPMzpWf+6yXK/hUizs2gUoTw3jHM0VaTQ==",
      "license": "MIT/X11",
      "dependencies": {
        "wordwrap": "~0.0.2"
      }
    },
    "node_modules/proto-list": {
      "version": "1.2.4",
      "resolved": "https://registry.npmjs.org/proto-list/-/proto-list-1.2.4.tgz",
      "integrity": "sha512-vtK/94akxsTMhe0/cbfpR+syPuszcuwhqVjJq26CuNDgFGj682oRBXOP5MJpv2r7JtE8MsiepGIqvvOTBwn2vA==",
      "license": "ISC"
    },
    "node_modules/rc": {
      "version": "0.0.8",
      "resolved": "https://registry.npmjs.org/rc/-/rc-0.0.8.tgz",
      "integrity": "sha512-9dWwGVkZVS5qyEGzIDwdEw6qCVtPYP5zJkxl9zCLWwNNShwhOa/ZZakjIBWw7RjnS43VYhSGk364O6AVCGdkSw==",
      "license": "BSD",
      "dependencies": {
        "config-chain": "~0.3",
        "optimist": "~0.3.4"
      }
    },
    "node_modules/split": {
      "version": "0.2.10",
      "resolved": "https://registry.npmjs.org/split/-/split-0.2.10.tgz",
      "integrity": "sha512-e0pKq+UUH2Xq/sXbYpZBZc3BawsfDZ7dgv+JtRTUPNcvF5CMR4Y9cvJqkMY0MoxWzTHvZuz1beg6pNEKlszPiQ==",
      "dependencies": {
        "through": "2"
      },
      "engines": {
        "node": "*"
      }
    },
    "node_modules/through": {
      "version": "2.1.0",
      "resolved": "https://registry.npmjs.org/through/-/through-2.1.0.tgz",
      "integrity": "sha512-uvPczOKXZtx4V1j1upuVsJAaUs2sOwCT6CVDT/xsse/AvenhMxgmK1LxILJUm2WoSZYi8RhOb10P9zvwjZOipQ==",
      "license": "MIT"
    },
    "node_modules/wordwrap": {
      "version": "0.0.3",
      "resolved": "https://registry.npmjs.org/wordwrap/-/wordwrap-0.0.3.tgz",
      "integrity": "sha512-1tMA907+V4QmxV7dbRvb4/8MaRALK6q9Abid3ndMYnbyo8piisCmeONVqVSXqQA3KaP4SLt5b7ud6E2sqP8TFw==",
      "license": "MIT",
      "engines": {
        "node": ">=0.4.0"
      }
    }
  }
}
